// !$*UTF8*$!
{
	archiveVersion = 1;
	classes = {
	};
	objectVersion = 46;
	objects = {

/* Begin PBXBuildFile section */
		01A91D75D55119B370C9993E /* libPods-PokeWalker.a in Frameworks */ = {isa = PBXBuildFile; fileRef = 5EC89B871A00DAF2957280BA /* libPods-PokeWalker.a */; };
		B936945D1D593D0900C117C0 /* SettingsViewController.m in Sources */ = {isa = PBXBuildFile; fileRef = B936945C1D593D0900C117C0 /* SettingsViewController.m */; };
		B93694601D59479600C117C0 /* MainViewController.m in Sources */ = {isa = PBXBuildFile; fileRef = B936945F1D59479600C117C0 /* MainViewController.m */; };
		B93694671D5A221600C117C0 /* PokeStop.csv in Resources */ = {isa = PBXBuildFile; fileRef = B93694661D5A221600C117C0 /* PokeStop.csv */; };
		B937BF751D512A8F005ACB9E /* MapKit.framework in Frameworks */ = {isa = PBXBuildFile; fileRef = B937BF741D512A8F005ACB9E /* MapKit.framework */; };
		B937BF7B1D52437D005ACB9E /* UIView+customFont.m in Sources */ = {isa = PBXBuildFile; fileRef = B937BF7A1D52437D005ACB9E /* UIView+customFont.m */; };
		B937BF7C1D52452D005ACB9E /* Pokemon GB.ttf in Resources */ = {isa = PBXBuildFile; fileRef = B937BF781D524219005ACB9E /* Pokemon GB.ttf */; };
		B937BF7E1D524DF0005ACB9E /* InfoWindow.xib in Resources */ = {isa = PBXBuildFile; fileRef = B937BF7D1D524DF0005ACB9E /* InfoWindow.xib */; };
		B937BF871D525072005ACB9E /* CustomInfoWindow.m in Sources */ = {isa = PBXBuildFile; fileRef = B937BF861D525072005ACB9E /* CustomInfoWindow.m */; };
		B937BF891D52FA28005ACB9E /* box.png in Resources */ = {isa = PBXBuildFile; fileRef = B937BF881D52FA28005ACB9E /* box.png */; };
		B9C777A11D3BF2930094EFA5 /* main.m in Sources */ = {isa = PBXBuildFile; fileRef = B9C777A01D3BF2930094EFA5 /* main.m */; };
		B9C777A41D3BF2930094EFA5 /* AppDelegate.m in Sources */ = {isa = PBXBuildFile; fileRef = B9C777A31D3BF2930094EFA5 /* AppDelegate.m */; };
		B9C777A71D3BF2930094EFA5 /* ViewController.m in Sources */ = {isa = PBXBuildFile; fileRef = B9C777A61D3BF2930094EFA5 /* ViewController.m */; };
		B9C777AA1D3BF2930094EFA5 /* Main.storyboard in Resources */ = {isa = PBXBuildFile; fileRef = B9C777A81D3BF2930094EFA5 /* Main.storyboard */; };
		B9C777AC1D3BF2930094EFA5 /* Assets.xcassets in Resources */ = {isa = PBXBuildFile; fileRef = B9C777AB1D3BF2930094EFA5 /* Assets.xcassets */; };
		B9C777AF1D3BF2930094EFA5 /* LaunchScreen.storyboard in Resources */ = {isa = PBXBuildFile; fileRef = B9C777AD1D3BF2930094EFA5 /* LaunchScreen.storyboard */; };
		B9C777BA1D3BF2930094EFA5 /* PokeWalkerTests.m in Sources */ = {isa = PBXBuildFile; fileRef = B9C777B91D3BF2930094EFA5 /* PokeWalkerTests.m */; };
		B9C777C51D3BF2930094EFA5 /* PokeWalkerUITests.m in Sources */ = {isa = PBXBuildFile; fileRef = B9C777C41D3BF2930094EFA5 /* PokeWalkerUITests.m */; };
		B9F43E571D3FF89E00EFD36C /* CoreMotion.framework in Frameworks */ = {isa = PBXBuildFile; fileRef = B9F43E561D3FF89E00EFD36C /* CoreMotion.framework */; };
		B9F43E591D3FF8A800EFD36C /* CoreLocation.framework in Frameworks */ = {isa = PBXBuildFile; fileRef = B9F43E581D3FF8A800EFD36C /* CoreLocation.framework */; };
/* End PBXBuildFile section */

/* Begin PBXContainerItemProxy section */
		B9C777B61D3BF2930094EFA5 /* PBXContainerItemProxy */ = {
			isa = PBXContainerItemProxy;
			containerPortal = B9C777941D3BF2930094EFA5 /* Project object */;
			proxyType = 1;
			remoteGlobalIDString = B9C7779B1D3BF2930094EFA5;
			remoteInfo = PokeWalker;
		};
		B9C777C11D3BF2930094EFA5 /* PBXContainerItemProxy */ = {
			isa = PBXContainerItemProxy;
			containerPortal = B9C777941D3BF2930094EFA5 /* Project object */;
			proxyType = 1;
			remoteGlobalIDString = B9C7779B1D3BF2930094EFA5;
			remoteInfo = PokeWalker;
		};
/* End PBXContainerItemProxy section */

/* Begin PBXFileReference section */
		254738B03D79BAFE98F203B0 /* Pods-PokeWalker.release.xcconfig */ = {isa = PBXFileReference; includeInIndex = 1; lastKnownFileType = text.xcconfig; name = "Pods-PokeWalker.release.xcconfig"; path = "Pods/Target Support Files/Pods-PokeWalker/Pods-PokeWalker.release.xcconfig"; sourceTree = "<group>"; };
		5EC89B871A00DAF2957280BA /* libPods-PokeWalker.a */ = {isa = PBXFileReference; explicitFileType = archive.ar; includeInIndex = 0; path = "libPods-PokeWalker.a"; sourceTree = BUILT_PRODUCTS_DIR; };
		B936945B1D593D0900C117C0 /* SettingsViewController.h */ = {isa = PBXFileReference; fileEncoding = 4; lastKnownFileType = sourcecode.c.h; path = SettingsViewController.h; sourceTree = "<group>"; };
		B936945C1D593D0900C117C0 /* SettingsViewController.m */ = {isa = PBXFileReference; fileEncoding = 4; lastKnownFileType = sourcecode.c.objc; path = SettingsViewController.m; sourceTree = "<group>"; };
		B936945E1D59479600C117C0 /* MainViewController.h */ = {isa = PBXFileReference; fileEncoding = 4; lastKnownFileType = sourcecode.c.h; path = MainViewController.h; sourceTree = "<group>"; };
		B936945F1D59479600C117C0 /* MainViewController.m */ = {isa = PBXFileReference; fileEncoding = 4; lastKnownFileType = sourcecode.c.objc; path = MainViewController.m; sourceTree = "<group>"; };
		B93694661D5A221600C117C0 /* PokeStop.csv */ = {isa = PBXFileReference; fileEncoding = 4; lastKnownFileType = text; path = PokeStop.csv; sourceTree = "<group>"; };
		B937BF741D512A8F005ACB9E /* MapKit.framework */ = {isa = PBXFileReference; lastKnownFileType = wrapper.framework; name = MapKit.framework; path = System/Library/Frameworks/MapKit.framework; sourceTree = SDKROOT; };
		B937BF781D524219005ACB9E /* Pokemon GB.ttf */ = {isa = PBXFileReference; lastKnownFileType = file; path = "Pokemon GB.ttf"; sourceTree = "<group>"; };
		B937BF791D52437D005ACB9E /* UIView+customFont.h */ = {isa = PBXFileReference; fileEncoding = 4; lastKnownFileType = sourcecode.c.h; path = "UIView+customFont.h"; sourceTree = "<group>"; };
		B937BF7A1D52437D005ACB9E /* UIView+customFont.m */ = {isa = PBXFileReference; fileEncoding = 4; lastKnownFileType = sourcecode.c.objc; path = "UIView+customFont.m"; sourceTree = "<group>"; };
		B937BF7D1D524DF0005ACB9E /* InfoWindow.xib */ = {isa = PBXFileReference; fileEncoding = 4; lastKnownFileType = file.xib; path = InfoWindow.xib; sourceTree = "<group>"; };
		B937BF851D525072005ACB9E /* CustomInfoWindow.h */ = {isa = PBXFileReference; fileEncoding = 4; lastKnownFileType = sourcecode.c.h; path = CustomInfoWindow.h; sourceTree = "<group>"; };
		B937BF861D525072005ACB9E /* CustomInfoWindow.m */ = {isa = PBXFileReference; fileEncoding = 4; lastKnownFileType = sourcecode.c.objc; path = CustomInfoWindow.m; sourceTree = "<group>"; };
		B937BF881D52FA28005ACB9E /* box.png */ = {isa = PBXFileReference; lastKnownFileType = image.png; name = box.png; path = PokeWalker/box.png; sourceTree = SOURCE_ROOT; };
		B9C7779C1D3BF2930094EFA5 /* PokeWalker.app */ = {isa = PBXFileReference; explicitFileType = wrapper.application; includeInIndex = 0; path = PokeWalker.app; sourceTree = BUILT_PRODUCTS_DIR; };
		B9C777A01D3BF2930094EFA5 /* main.m */ = {isa = PBXFileReference; lastKnownFileType = sourcecode.c.objc; path = main.m; sourceTree = "<group>"; };
		B9C777A21D3BF2930094EFA5 /* AppDelegate.h */ = {isa = PBXFileReference; lastKnownFileType = sourcecode.c.h; path = AppDelegate.h; sourceTree = "<group>"; };
		B9C777A31D3BF2930094EFA5 /* AppDelegate.m */ = {isa = PBXFileReference; lastKnownFileType = sourcecode.c.objc; path = AppDelegate.m; sourceTree = "<group>"; };
		B9C777A51D3BF2930094EFA5 /* ViewController.h */ = {isa = PBXFileReference; lastKnownFileType = sourcecode.c.h; path = ViewController.h; sourceTree = "<group>"; };
		B9C777A61D3BF2930094EFA5 /* ViewController.m */ = {isa = PBXFileReference; lastKnownFileType = sourcecode.c.objc; path = ViewController.m; sourceTree = "<group>"; };
		B9C777A91D3BF2930094EFA5 /* Base */ = {isa = PBXFileReference; lastKnownFileType = file.storyboard; name = Base; path = Base.lproj/Main.storyboard; sourceTree = "<group>"; };
		B9C777AB1D3BF2930094EFA5 /* Assets.xcassets */ = {isa = PBXFileReference; lastKnownFileType = folder.assetcatalog; path = Assets.xcassets; sourceTree = "<group>"; };
		B9C777AE1D3BF2930094EFA5 /* Base */ = {isa = PBXFileReference; lastKnownFileType = file.storyboard; name = Base; path = Base.lproj/LaunchScreen.storyboard; sourceTree = "<group>"; };
		B9C777B01D3BF2930094EFA5 /* Info.plist */ = {isa = PBXFileReference; lastKnownFileType = text.plist.xml; path = Info.plist; sourceTree = "<group>"; };
		B9C777B51D3BF2930094EFA5 /* PokeWalkerTests.xctest */ = {isa = PBXFileReference; explicitFileType = wrapper.cfbundle; includeInIndex = 0; path = PokeWalkerTests.xctest; sourceTree = BUILT_PRODUCTS_DIR; };
		B9C777B91D3BF2930094EFA5 /* PokeWalkerTests.m */ = {isa = PBXFileReference; lastKnownFileType = sourcecode.c.objc; path = PokeWalkerTests.m; sourceTree = "<group>"; };
		B9C777BB1D3BF2930094EFA5 /* Info.plist */ = {isa = PBXFileReference; lastKnownFileType = text.plist.xml; path = Info.plist; sourceTree = "<group>"; };
		B9C777C01D3BF2930094EFA5 /* PokeWalkerUITests.xctest */ = {isa = PBXFileReference; explicitFileType = wrapper.cfbundle; includeInIndex = 0; path = PokeWalkerUITests.xctest; sourceTree = BUILT_PRODUCTS_DIR; };
		B9C777C41D3BF2930094EFA5 /* PokeWalkerUITests.m */ = {isa = PBXFileReference; lastKnownFileType = sourcecode.c.objc; path = PokeWalkerUITests.m; sourceTree = "<group>"; };
		B9C777C61D3BF2930094EFA5 /* Info.plist */ = {isa = PBXFileReference; lastKnownFileType = text.plist.xml; path = Info.plist; sourceTree = "<group>"; };
		B9F43E561D3FF89E00EFD36C /* CoreMotion.framework */ = {isa = PBXFileReference; lastKnownFileType = wrapper.framework; name = CoreMotion.framework; path = System/Library/Frameworks/CoreMotion.framework; sourceTree = SDKROOT; };
		B9F43E581D3FF8A800EFD36C /* CoreLocation.framework */ = {isa = PBXFileReference; lastKnownFileType = wrapper.framework; name = CoreLocation.framework; path = System/Library/Frameworks/CoreLocation.framework; sourceTree = SDKROOT; };
		CDC215BBEEBB17A3351A8CD3 /* Pods-PokeWalker.debug.xcconfig */ = {isa = PBXFileReference; includeInIndex = 1; lastKnownFileType = text.xcconfig; name = "Pods-PokeWalker.debug.xcconfig"; path = "Pods/Target Support Files/Pods-PokeWalker/Pods-PokeWalker.debug.xcconfig"; sourceTree = "<group>"; };
/* End PBXFileReference section */

/* Begin PBXFrameworksBuildPhase section */
		B9C777991D3BF2930094EFA5 /* Frameworks */ = {
			isa = PBXFrameworksBuildPhase;
			buildActionMask = 2147483647;
			files = (
				B937BF751D512A8F005ACB9E /* MapKit.framework in Frameworks */,
				B9F43E591D3FF8A800EFD36C /* CoreLocation.framework in Frameworks */,
				B9F43E571D3FF89E00EFD36C /* CoreMotion.framework in Frameworks */,
				01A91D75D55119B370C9993E /* libPods-PokeWalker.a in Frameworks */,
			);
			runOnlyForDeploymentPostprocessing = 0;
		};
		B9C777B21D3BF2930094EFA5 /* Frameworks */ = {
			isa = PBXFrameworksBuildPhase;
			buildActionMask = 2147483647;
			files = (
			);
			runOnlyForDeploymentPostprocessing = 0;
		};
		B9C777BD1D3BF2930094EFA5 /* Frameworks */ = {
			isa = PBXFrameworksBuildPhase;
			buildActionMask = 2147483647;
			files = (
			);
			runOnlyForDeploymentPostprocessing = 0;
		};
/* End PBXFrameworksBuildPhase section */

/* Begin PBXGroup section */
		966D0E31C2432D470DF2EFBD /* Pods */ = {
			isa = PBXGroup;
			children = (
				CDC215BBEEBB17A3351A8CD3 /* Pods-PokeWalker.debug.xcconfig */,
				254738B03D79BAFE98F203B0 /* Pods-PokeWalker.release.xcconfig */,
			);
			name = Pods;
			sourceTree = "<group>";
		};
		B9C777931D3BF2930094EFA5 = {
			isa = PBXGroup;
			children = (
				B9C7779E1D3BF2930094EFA5 /* PokeWalker */,
				B9C777B81D3BF2930094EFA5 /* PokeWalkerTests */,
				B9C777C31D3BF2930094EFA5 /* PokeWalkerUITests */,
				B9C7779D1D3BF2930094EFA5 /* Products */,
				966D0E31C2432D470DF2EFBD /* Pods */,
				D1D5660FB6D6DD77FC4B0B60 /* Frameworks */,
			);
			sourceTree = "<group>";
		};
		B9C7779D1D3BF2930094EFA5 /* Products */ = {
			isa = PBXGroup;
			children = (
				B9C7779C1D3BF2930094EFA5 /* PokeWalker.app */,
				B9C777B51D3BF2930094EFA5 /* PokeWalkerTests.xctest */,
				B9C777C01D3BF2930094EFA5 /* PokeWalkerUITests.xctest */,
			);
			name = Products;
			sourceTree = "<group>";
		};
		B9C7779E1D3BF2930094EFA5 /* PokeWalker */ = {
			isa = PBXGroup;
			children = (
				B9C777A81D3BF2930094EFA5 /* Main.storyboard */,
				B9C777A21D3BF2930094EFA5 /* AppDelegate.h */,
				B9C777A31D3BF2930094EFA5 /* AppDelegate.m */,
				B936945E1D59479600C117C0 /* MainViewController.h */,
				B936945F1D59479600C117C0 /* MainViewController.m */,
				B9C777A51D3BF2930094EFA5 /* ViewController.h */,
				B9C777A61D3BF2930094EFA5 /* ViewController.m */,
				B936945B1D593D0900C117C0 /* SettingsViewController.h */,
				B936945C1D593D0900C117C0 /* SettingsViewController.m */,
				B937BF7D1D524DF0005ACB9E /* InfoWindow.xib */,
				B937BF881D52FA28005ACB9E /* box.png */,
				B937BF851D525072005ACB9E /* CustomInfoWindow.h */,
				B937BF861D525072005ACB9E /* CustomInfoWindow.m */,
				B9C777AB1D3BF2930094EFA5 /* Assets.xcassets */,
				B9C777AD1D3BF2930094EFA5 /* LaunchScreen.storyboard */,
				B9C777B01D3BF2930094EFA5 /* Info.plist */,
				B9C7779F1D3BF2930094EFA5 /* Supporting Files */,
			);
			path = PokeWalker;
			sourceTree = "<group>";
		};
		B9C7779F1D3BF2930094EFA5 /* Supporting Files */ = {
			isa = PBXGroup;
			children = (
				B93694661D5A221600C117C0 /* PokeStop.csv */,
				B937BF781D524219005ACB9E /* Pokemon GB.ttf */,
				B937BF791D52437D005ACB9E /* UIView+customFont.h */,
				B937BF7A1D52437D005ACB9E /* UIView+customFont.m */,
				B9C777A01D3BF2930094EFA5 /* main.m */,
			);
			name = "Supporting Files";
			sourceTree = "<group>";
		};
		B9C777B81D3BF2930094EFA5 /* PokeWalkerTests */ = {
			isa = PBXGroup;
			children = (
				B9C777B91D3BF2930094EFA5 /* PokeWalkerTests.m */,
				B9C777BB1D3BF2930094EFA5 /* Info.plist */,
			);
			path = PokeWalkerTests;
			sourceTree = "<group>";
		};
		B9C777C31D3BF2930094EFA5 /* PokeWalkerUITests */ = {
			isa = PBXGroup;
			children = (
				B9C777C41D3BF2930094EFA5 /* PokeWalkerUITests.m */,
				B9C777C61D3BF2930094EFA5 /* Info.plist */,
			);
			path = PokeWalkerUITests;
			sourceTree = "<group>";
		};
		D1D5660FB6D6DD77FC4B0B60 /* Frameworks */ = {
			isa = PBXGroup;
			children = (
				B937BF741D512A8F005ACB9E /* MapKit.framework */,
				B9F43E581D3FF8A800EFD36C /* CoreLocation.framework */,
				B9F43E561D3FF89E00EFD36C /* CoreMotion.framework */,
				5EC89B871A00DAF2957280BA /* libPods-PokeWalker.a */,
			);
			name = Frameworks;
			sourceTree = "<group>";
		};
/* End PBXGroup section */

/* Begin PBXNativeTarget section */
		B9C7779B1D3BF2930094EFA5 /* PokeWalker */ = {
			isa = PBXNativeTarget;
			buildConfigurationList = B9C777C91D3BF2930094EFA5 /* Build configuration list for PBXNativeTarget "PokeWalker" */;
			buildPhases = (
				50ACCA8E1BB3981A5476168D /* [CP] Check Pods Manifest.lock */,
				B9C777981D3BF2930094EFA5 /* Sources */,
				B9C777991D3BF2930094EFA5 /* Frameworks */,
				B9C7779A1D3BF2930094EFA5 /* Resources */,
				01BF9C15847D8E544552C2D5 /* [CP] Embed Pods Frameworks */,
				4FB736A97EA0E2B29402F864 /* [CP] Copy Pods Resources */,
			);
			buildRules = (
			);
			dependencies = (
			);
			name = PokeWalker;
			productName = PokeWalker;
			productReference = B9C7779C1D3BF2930094EFA5 /* PokeWalker.app */;
			productType = "com.apple.product-type.application";
		};
		B9C777B41D3BF2930094EFA5 /* PokeWalkerTests */ = {
			isa = PBXNativeTarget;
			buildConfigurationList = B9C777CC1D3BF2930094EFA5 /* Build configuration list for PBXNativeTarget "PokeWalkerTests" */;
			buildPhases = (
				B9C777B11D3BF2930094EFA5 /* Sources */,
				B9C777B21D3BF2930094EFA5 /* Frameworks */,
				B9C777B31D3BF2930094EFA5 /* Resources */,
			);
			buildRules = (
			);
			dependencies = (
				B9C777B71D3BF2930094EFA5 /* PBXTargetDependency */,
			);
			name = PokeWalkerTests;
			productName = PokeWalkerTests;
			productReference = B9C777B51D3BF2930094EFA5 /* PokeWalkerTests.xctest */;
			productType = "com.apple.product-type.bundle.unit-test";
		};
		B9C777BF1D3BF2930094EFA5 /* PokeWalkerUITests */ = {
			isa = PBXNativeTarget;
			buildConfigurationList = B9C777CF1D3BF2930094EFA5 /* Build configuration list for PBXNativeTarget "PokeWalkerUITests" */;
			buildPhases = (
				B9C777BC1D3BF2930094EFA5 /* Sources */,
				B9C777BD1D3BF2930094EFA5 /* Frameworks */,
				B9C777BE1D3BF2930094EFA5 /* Resources */,
			);
			buildRules = (
			);
			dependencies = (
				B9C777C21D3BF2930094EFA5 /* PBXTargetDependency */,
			);
			name = PokeWalkerUITests;
			productName = PokeWalkerUITests;
			productReference = B9C777C01D3BF2930094EFA5 /* PokeWalkerUITests.xctest */;
			productType = "com.apple.product-type.bundle.ui-testing";
		};
/* End PBXNativeTarget section */

/* Begin PBXProject section */
		B9C777941D3BF2930094EFA5 /* Project object */ = {
			isa = PBXProject;
			attributes = {
				LastUpgradeCheck = 0730;
				ORGANIZATIONNAME = kenny;
				TargetAttributes = {
					B9C7779B1D3BF2930094EFA5 = {
						CreatedOnToolsVersion = 7.3;
					};
					B9C777B41D3BF2930094EFA5 = {
						CreatedOnToolsVersion = 7.3;
						TestTargetID = B9C7779B1D3BF2930094EFA5;
					};
					B9C777BF1D3BF2930094EFA5 = {
						CreatedOnToolsVersion = 7.3;
						TestTargetID = B9C7779B1D3BF2930094EFA5;
					};
				};
			};
			buildConfigurationList = B9C777971D3BF2930094EFA5 /* Build configuration list for PBXProject "PokeWalker" */;
			compatibilityVersion = "Xcode 3.2";
			developmentRegion = English;
			hasScannedForEncodings = 0;
			knownRegions = (
				en,
				Base,
			);
			mainGroup = B9C777931D3BF2930094EFA5;
			productRefGroup = B9C7779D1D3BF2930094EFA5 /* Products */;
			projectDirPath = "";
			projectRoot = "";
			targets = (
				B9C7779B1D3BF2930094EFA5 /* PokeWalker */,
				B9C777B41D3BF2930094EFA5 /* PokeWalkerTests */,
				B9C777BF1D3BF2930094EFA5 /* PokeWalkerUITests */,
			);
		};
/* End PBXProject section */

/* Begin PBXResourcesBuildPhase section */
		B9C7779A1D3BF2930094EFA5 /* Resources */ = {
			isa = PBXResourcesBuildPhase;
			buildActionMask = 2147483647;
			files = (
				B937BF7C1D52452D005ACB9E /* Pokemon GB.ttf in Resources */,
				B937BF7E1D524DF0005ACB9E /* InfoWindow.xib in Resources */,
				B93694671D5A221600C117C0 /* PokeStop.csv in Resources */,
				B9C777AF1D3BF2930094EFA5 /* LaunchScreen.storyboard in Resources */,
				B937BF891D52FA28005ACB9E /* box.png in Resources */,
				B9C777AC1D3BF2930094EFA5 /* Assets.xcassets in Resources */,
				B9C777AA1D3BF2930094EFA5 /* Main.storyboard in Resources */,
			);
			runOnlyForDeploymentPostprocessing = 0;
		};
		B9C777B31D3BF2930094EFA5 /* Resources */ = {
			isa = PBXResourcesBuildPhase;
			buildActionMask = 2147483647;
			files = (
			);
			runOnlyForDeploymentPostprocessing = 0;
		};
		B9C777BE1D3BF2930094EFA5 /* Resources */ = {
			isa = PBXResourcesBuildPhase;
			buildActionMask = 2147483647;
			files = (
			);
			runOnlyForDeploymentPostprocessing = 0;
		};
/* End PBXResourcesBuildPhase section */

/* Begin PBXShellScriptBuildPhase section */
		01BF9C15847D8E544552C2D5 /* [CP] Embed Pods Frameworks */ = {
			isa = PBXShellScriptBuildPhase;
			buildActionMask = 2147483647;
			files = (
			);
			inputPaths = (
			);
			name = "[CP] Embed Pods Frameworks";
			outputPaths = (
			);
			runOnlyForDeploymentPostprocessing = 0;
			shellPath = /bin/sh;
			shellScript = "\"${SRCROOT}/Pods/Target Support Files/Pods-PokeWalker/Pods-PokeWalker-frameworks.sh\"\n";
			showEnvVarsInLog = 0;
		};
		4FB736A97EA0E2B29402F864 /* [CP] Copy Pods Resources */ = {
			isa = PBXShellScriptBuildPhase;
			buildActionMask = 2147483647;
			files = (
			);
			inputPaths = (
			);
			name = "[CP] Copy Pods Resources";
			outputPaths = (
			);
			runOnlyForDeploymentPostprocessing = 0;
			shellPath = /bin/sh;
			shellScript = "\"${SRCROOT}/Pods/Target Support Files/Pods-PokeWalker/Pods-PokeWalker-resources.sh\"\n";
			showEnvVarsInLog = 0;
		};
		50ACCA8E1BB3981A5476168D /* [CP] Check Pods Manifest.lock */ = {
			isa = PBXShellScriptBuildPhase;
			buildActionMask = 2147483647;
			files = (
			);
			inputPaths = (
			);
			name = "[CP] Check Pods Manifest.lock";
			outputPaths = (
			);
			runOnlyForDeploymentPostprocessing = 0;
			shellPath = /bin/sh;
			shellScript = "diff \"${PODS_ROOT}/../Podfile.lock\" \"${PODS_ROOT}/Manifest.lock\" > /dev/null\nif [[ $? != 0 ]] ; then\n    cat << EOM\nerror: The sandbox is not in sync with the Podfile.lock. Run 'pod install' or update your CocoaPods installation.\nEOM\n    exit 1\nfi\n";
			showEnvVarsInLog = 0;
		};
/* End PBXShellScriptBuildPhase section */

/* Begin PBXSourcesBuildPhase section */
		B9C777981D3BF2930094EFA5 /* Sources */ = {
			isa = PBXSourcesBuildPhase;
			buildActionMask = 2147483647;
			files = (
				B937BF7B1D52437D005ACB9E /* UIView+customFont.m in Sources */,
				B9C777A71D3BF2930094EFA5 /* ViewController.m in Sources */,
				B9C777A41D3BF2930094EFA5 /* AppDelegate.m in Sources */,
				B936945D1D593D0900C117C0 /* SettingsViewController.m in Sources */,
				B93694601D59479600C117C0 /* MainViewController.m in Sources */,
				B937BF871D525072005ACB9E /* CustomInfoWindow.m in Sources */,
				B9C777A11D3BF2930094EFA5 /* main.m in Sources */,
			);
			runOnlyForDeploymentPostprocessing = 0;
		};
		B9C777B11D3BF2930094EFA5 /* Sources */ = {
			isa = PBXSourcesBuildPhase;
			buildActionMask = 2147483647;
			files = (
				B9C777BA1D3BF2930094EFA5 /* PokeWalkerTests.m in Sources */,
			);
			runOnlyForDeploymentPostprocessing = 0;
		};
		B9C777BC1D3BF2930094EFA5 /* Sources */ = {
			isa = PBXSourcesBuildPhase;
			buildActionMask = 2147483647;
			files = (
				B9C777C51D3BF2930094EFA5 /* PokeWalkerUITests.m in Sources */,
			);
			runOnlyForDeploymentPostprocessing = 0;
		};
/* End PBXSourcesBuildPhase section */

/* Begin PBXTargetDependency section */
		B9C777B71D3BF2930094EFA5 /* PBXTargetDependency */ = {
			isa = PBXTargetDependency;
			target = B9C7779B1D3BF2930094EFA5 /* PokeWalker */;
			targetProxy = B9C777B61D3BF2930094EFA5 /* PBXContainerItemProxy */;
		};
		B9C777C21D3BF2930094EFA5 /* PBXTargetDependency */ = {
			isa = PBXTargetDependency;
			target = B9C7779B1D3BF2930094EFA5 /* PokeWalker */;
			targetProxy = B9C777C11D3BF2930094EFA5 /* PBXContainerItemProxy */;
		};
/* End PBXTargetDependency section */

/* Begin PBXVariantGroup section */
		B9C777A81D3BF2930094EFA5 /* Main.storyboard */ = {
			isa = PBXVariantGroup;
			children = (
				B9C777A91D3BF2930094EFA5 /* Base */,
			);
			name = Main.storyboard;
			sourceTree = "<group>";
		};
		B9C777AD1D3BF2930094EFA5 /* LaunchScreen.storyboard */ = {
			isa = PBXVariantGroup;
			children = (
				B9C777AE1D3BF2930094EFA5 /* Base */,
			);
			name = LaunchScreen.storyboard;
			sourceTree = "<group>";
		};
/* End PBXVariantGroup section */

/* Begin XCBuildConfiguration section */
		B9C777C71D3BF2930094EFA5 /* Debug */ = {
			isa = XCBuildConfiguration;
			buildSettings = {
				ALWAYS_SEARCH_USER_PATHS = NO;
				CLANG_ANALYZER_NONNULL = YES;
				CLANG_CXX_LANGUAGE_STANDARD = "gnu++0x";
				CLANG_CXX_LIBRARY = "libc++";
				CLANG_ENABLE_MODULES = YES;
				CLANG_ENABLE_OBJC_ARC = YES;
				CLANG_WARN_BOOL_CONVERSION = YES;
				CLANG_WARN_CONSTANT_CONVERSION = YES;
				CLANG_WARN_DIRECT_OBJC_ISA_USAGE = YES_ERROR;
				CLANG_WARN_EMPTY_BODY = YES;
				CLANG_WARN_ENUM_CONVERSION = YES;
				CLANG_WARN_INT_CONVERSION = YES;
				CLANG_WARN_OBJC_ROOT_CLASS = YES_ERROR;
				CLANG_WARN_UNREACHABLE_CODE = YES;
				CLANG_WARN__DUPLICATE_METHOD_MATCH = YES;
				"CODE_SIGN_IDENTITY[sdk=iphoneos*]" = "iPhone Developer";
				COPY_PHASE_STRIP = NO;
				DEBUG_INFORMATION_FORMAT = dwarf;
				ENABLE_STRICT_OBJC_MSGSEND = YES;
				ENABLE_TESTABILITY = YES;
				GCC_C_LANGUAGE_STANDARD = gnu99;
				GCC_DYNAMIC_NO_PIC = NO;
				GCC_NO_COMMON_BLOCKS = YES;
				GCC_OPTIMIZATION_LEVEL = 0;
				GCC_PREPROCESSOR_DEFINITIONS = (
					"DEBUG=1",
					"$(inherited)",
				);
				GCC_WARN_64_TO_32_BIT_CONVERSION = YES;
				GCC_WARN_ABOUT_RETURN_TYPE = YES_ERROR;
				GCC_WARN_UNDECLARED_SELECTOR = YES;
				GCC_WARN_UNINITIALIZED_AUTOS = YES_AGGRESSIVE;
				GCC_WARN_UNUSED_FUNCTION = YES;
				GCC_WARN_UNUSED_VARIABLE = YES;
				IPHONEOS_DEPLOYMENT_TARGET = 9.3;
				MTL_ENABLE_DEBUG_INFO = YES;
				ONLY_ACTIVE_ARCH = YES;
				SDKROOT = iphoneos;
				TARGETED_DEVICE_FAMILY = "1,2";
			};
			name = Debug;
		};
		B9C777C81D3BF2930094EFA5 /* Release */ = {
			isa = XCBuildConfiguration;
			buildSettings = {
				ALWAYS_SEARCH_USER_PATHS = NO;
				CLANG_ANALYZER_NONNULL = YES;
				CLANG_CXX_LANGUAGE_STANDARD = "gnu++0x";
				CLANG_CXX_LIBRARY = "libc++";
				CLANG_ENABLE_MODULES = YES;
				CLANG_ENABLE_OBJC_ARC = YES;
				CLANG_WARN_BOOL_CONVERSION = YES;
				CLANG_WARN_CONSTANT_CONVERSION = YES;
				CLANG_WARN_DIRECT_OBJC_ISA_USAGE = YES_ERROR;
				CLANG_WARN_EMPTY_BODY = YES;
				CLANG_WARN_ENUM_CONVERSION = YES;
				CLANG_WARN_INT_CONVERSION = YES;
				CLANG_WARN_OBJC_ROOT_CLASS = YES_ERROR;
				CLANG_WARN_UNREACHABLE_CODE = YES;
				CLANG_WARN__DUPLICATE_METHOD_MATCH = YES;
				"CODE_SIGN_IDENTITY[sdk=iphoneos*]" = "iPhone Developer";
				COPY_PHASE_STRIP = NO;
				DEBUG_INFORMATION_FORMAT = "dwarf-with-dsym";
				ENABLE_NS_ASSERTIONS = NO;
				ENABLE_STRICT_OBJC_MSGSEND = YES;
				GCC_C_LANGUAGE_STANDARD = gnu99;
				GCC_NO_COMMON_BLOCKS = YES;
				GCC_WARN_64_TO_32_BIT_CONVERSION = YES;
				GCC_WARN_ABOUT_RETURN_TYPE = YES_ERROR;
				GCC_WARN_UNDECLARED_SELECTOR = YES;
				GCC_WARN_UNINITIALIZED_AUTOS = YES_AGGRESSIVE;
				GCC_WARN_UNUSED_FUNCTION = YES;
				GCC_WARN_UNUSED_VARIABLE = YES;
				IPHONEOS_DEPLOYMENT_TARGET = 9.3;
				MTL_ENABLE_DEBUG_INFO = NO;
				SDKROOT = iphoneos;
				TARGETED_DEVICE_FAMILY = "1,2";
				VALIDATE_PRODUCT = YES;
			};
			name = Release;
		};
		B9C777CA1D3BF2930094EFA5 /* Debug */ = {
			isa = XCBuildConfiguration;
			baseConfigurationReference = CDC215BBEEBB17A3351A8CD3 /* Pods-PokeWalker.debug.xcconfig */;
			buildSettings = {
				ASSETCATALOG_COMPILER_APPICON_NAME = AppIcon;
				INFOPLIST_FILE = PokeWalker/Info.plist;
				LD_RUNPATH_SEARCH_PATHS = "$(inherited) @executable_path/Frameworks";
				PRODUCT_BUNDLE_IDENTIFIER = my.PokeWalker;
				PRODUCT_NAME = "$(TARGET_NAME)";
			};
			name = Debug;
		};
		B9C777CB1D3BF2930094EFA5 /* Release */ = {
			isa = XCBuildConfiguration;
			baseConfigurationReference = 254738B03D79BAFE98F203B0 /* Pods-PokeWalker.release.xcconfig */;
			buildSettings = {
				ASSETCATALOG_COMPILER_APPICON_NAME = AppIcon;
				INFOPLIST_FILE = PokeWalker/Info.plist;
				LD_RUNPATH_SEARCH_PATHS = "$(inherited) @executable_path/Frameworks";
				PRODUCT_BUNDLE_IDENTIFIER = my.PokeWalker;
				PRODUCT_NAME = "$(TARGET_NAME)";
			};
			name = Release;
		};
		B9C777CD1D3BF2930094EFA5 /* Debug */ = {
			isa = XCBuildConfiguration;
			buildSettings = {
				BUNDLE_LOADER = "$(TEST_HOST)";
				INFOPLIST_FILE = PokeWalkerTests/Info.plist;
				LD_RUNPATH_SEARCH_PATHS = "$(inherited) @executable_path/Frameworks @loader_path/Frameworks";
				PRODUCT_BUNDLE_IDENTIFIER = my.PokeWalkerTests;
				PRODUCT_NAME = "$(TARGET_NAME)";
				TEST_HOST = "$(BUILT_PRODUCTS_DIR)/PokeWalker.app/PokeWalker";
			};
			name = Debug;
		};
		B9C777CE1D3BF2930094EFA5 /* Release */ = {
			isa = XCBuildConfiguration;
			buildSettings = {
				BUNDLE_LOADER = "$(TEST_HOST)";
				INFOPLIST_FILE = PokeWalkerTests/Info.plist;
				LD_RUNPATH_SEARCH_PATHS = "$(inherited) @executable_path/Frameworks @loader_path/Frameworks";
				PRODUCT_BUNDLE_IDENTIFIER = my.PokeWalkerTests;
				PRODUCT_NAME = "$(TARGET_NAME)";
				TEST_HOST = "$(BUILT_PRODUCTS_DIR)/PokeWalker.app/PokeWalker";
			};
			name = Release;
		};
		B9C777D01D3BF2930094EFA5 /* Debug */ = {
			isa = XCBuildConfiguration;
			buildSettings = {
				INFOPLIST_FILE = PokeWalkerUITests/Info.plist;
				LD_RUNPATH_SEARCH_PATHS = "$(inherited) @executable_path/Frameworks @loader_path/Frameworks";
				PRODUCT_BUNDLE_IDENTIFIER = my.PokeWalkerUITests;
				PRODUCT_NAME = "$(TARGET_NAME)";
				TEST_TARGET_NAME = PokeWalker;
			};
			name = Debug;
		};
		B9C777D11D3BF2930094EFA5 /* Release */ = {
			isa = XCBuildConfiguration;
			buildSettings = {
				INFOPLIST_FILE = PokeWalkerUITests/Info.plist;
				LD_RUNPATH_SEARCH_PATHS = "$(inherited) @executable_path/Frameworks @loader_path/Frameworks";
				PRODUCT_BUNDLE_IDENTIFIER = my.PokeWalkerUITests;
				PRODUCT_NAME = "$(TARGET_NAME)";
				TEST_TARGET_NAME = PokeWalker;
			};
			name = Release;
		};
/* End XCBuildConfiguration section */

/* Begin XCConfigurationList section */
		B9C777971D3BF2930094EFA5 /* Build configuration list for PBXProject "PokeWalker" */ = {
			isa = XCConfigurationList;
			buildConfigurations = (
				B9C777C71D3BF2930094EFA5 /* Debug */,
				B9C777C81D3BF2930094EFA5 /* Release */,
			);
			defaultConfigurationIsVisible = 0;
			defaultConfigurationName = Release;
		};
		B9C777C91D3BF2930094EFA5 /* Build configuration list for PBXNativeTarget "PokeWalker" */ = {
			isa = XCConfigurationList;
			buildConfigurations = (
				B9C777CA1D3BF2930094EFA5 /* Debug */,
				B9C777CB1D3BF2930094EFA5 /* Release */,
			);
			defaultConfigurationIsVisible = 0;
			defaultConfigurationName = Release;
		};
		B9C777CC1D3BF2930094EFA5 /* Build configuration list for PBXNativeTarget "PokeWalkerTests" */ = {
			isa = XCConfigurationList;
			buildConfigurations = (
				B9C777CD1D3BF2930094EFA5 /* Debug */,
				B9C777CE1D3BF2930094EFA5 /* Release */,
			);
			defaultConfigurationIsVisible = 0;
			defaultConfigurationName = Release;
		};
		B9C777CF1D3BF2930094EFA5 /* Build configuration list for PBXNativeTarget "PokeWalkerUITests" */ = {
			isa = XCConfigurationList;
			buildConfigurations = (
				B9C777D01D3BF2930094EFA5 /* Debug */,
				B9C777D11D3BF2930094EFA5 /* Release */,
			);
			defaultConfigurationIsVisible = 0;
			defaultConfigurationName = Release;
		};
/* End XCConfigurationList section */
	};
	rootObject = B9C777941D3BF2930094EFA5 /* Project object */;
}
